
Microsoft Visual Studio Solution File, Format Version 12.00
# Visual Studio Version 16
VisualStudioVersion = 16.0.31424.327
MinimumVisualStudioVersion = 10.0.40219.1
Project("{FAE04EC0-301F-11D3-BF4B-00C04F79EFBC}") = "DemoIOAbstractions", "DemoIOAbstractions\DemoIOAbstractions.csproj", "{D353102B-FF22-45C4-975F-D1374DABE424}"
EndProject
Project("{FAE04EC0-301F-11D3-BF4B-00C04F79EFBC}") = "TestProject1", "TestProject1\TestProject1.csproj", "{D7C21C31-78FA-4656-9F03-3B2454CB85B5}"
EndProject
Global
	GlobalSection(SolutionConfigurationPlatforms) = preSolution
		Debug|Any CPU = Debug|Any CPU
		Release|Any CPU = Release|Any CPU
	EndGlobalSection
	GlobalSection(ProjectConfigurationPlatforms) = postSolution
		{D353102B-FF22-45C4-975F-D1374DABE424}.Debug|Any CPU.ActiveCfg = Debug|Any CPU
		{D353102B-FF22-45C4-975F-D1374DABE424}.Debug|Any CPU.Build.0 = Debug|Any CPU
		{D353102B-FF22-45C4-975F-D1374DABE424}.Release|Any CPU.ActiveCfg = Release|Any CPU
		{D353102B-FF22-45C4-975F-D1374DABE424}.Release|Any CPU.Build.0 = Release|Any CPU
		{D7C21C31-78FA-4656-9F03-3B2454CB85B5}.Debug|Any CPU.ActiveCfg = Debug|Any CPU
		{D7C21C31-78FA-4656-9F03-3B2454CB85B5}.Debug|Any CPU.Build.0 = Debug|Any CPU
		{D7C21C31-78FA-4656-9F03-3B2454CB85B5}.Release|Any CPU.ActiveCfg = Release|Any CPU
		{D7C21C31-78FA-4656-9F03-3B2454CB85B5}.Release|Any CPU.Build.0 = Release|Any CPU
	EndGlobalSection
	GlobalSection(SolutionProperties) = preSolution
		HideSolutionNode = FALSE
	EndGlobalSection
	GlobalSection(ExtensibilityGlobals) = postSolution
		SolutionGuid = {C755A112-59B9-4EFE-85FD-90F3E8E88787}
	EndGlobalSection
EndGlobal
